
Microsoft Visual Studio Solution File, Format Version 11.00
# Visual Studio 2010
Project("{FAE04EC0-301F-11D3-BF4B-00C04F79EFBC}") = "Tests", "Dotjosh.DayZCommander.Tests\Tests.csproj", "{03E9A78A-A8B8-42E5-B854-F6D619AE84AB}"
EndProject
Project("{FAE04EC0-301F-11D3-BF4B-00C04F79EFBC}") = "App", "Dotjosh.DayZCommander.App\App.csproj", "{84CB1B33-1E5C-4F82-B299-A406B85282ED}"
EndProject
Project("{FAE04EC0-301F-11D3-BF4B-00C04F79EFBC}") = "Updater", "Dotjosh.DayZCommander.Updater\Updater.csproj", "{0DEA8DDF-865E-4E30-B9B0-A38EA8558634}"
EndProject
Project("{FAE04EC0-301F-11D3-BF4B-00C04F79EFBC}") = "InstallUtilities", "Dotjosh.DayZCommander.InstallUtilities\InstallUtilities.csproj", "{74C869B4-E48B-4D3B-AA8A-4E35247F6DF7}"
EndProject
Global
	GlobalSection(SolutionConfigurationPlatforms) = preSolution
		Debug|Any CPU = Debug|Any CPU
		Debug|Mixed Platforms = Debug|Mixed Platforms
		Debug|x86 = Debug|x86
		Release|Any CPU = Release|Any CPU
		Release|Mixed Platforms = Release|Mixed Platforms
		Release|x86 = Release|x86
	EndGlobalSection
	GlobalSection(ProjectConfigurationPlatforms) = postSolution
		{03E9A78A-A8B8-42E5-B854-F6D619AE84AB}.Debug|Any CPU.ActiveCfg = Debug|x86
		{03E9A78A-A8B8-42E5-B854-F6D619AE84AB}.Debug|Mixed Platforms.ActiveCfg = Debug|x86
		{03E9A78A-A8B8-42E5-B854-F6D619AE84AB}.Debug|Mixed Platforms.Build.0 = Debug|x86
		{03E9A78A-A8B8-42E5-B854-F6D619AE84AB}.Debug|x86.ActiveCfg = Debug|x86
		{03E9A78A-A8B8-42E5-B854-F6D619AE84AB}.Debug|x86.Build.0 = Debug|x86
		{03E9A78A-A8B8-42E5-B854-F6D619AE84AB}.Release|Any CPU.ActiveCfg = Release|x86
		{03E9A78A-A8B8-42E5-B854-F6D619AE84AB}.Release|Mixed Platforms.ActiveCfg = Release|x86
		{03E9A78A-A8B8-42E5-B854-F6D619AE84AB}.Release|Mixed Platforms.Build.0 = Release|x86
		{03E9A78A-A8B8-42E5-B854-F6D619AE84AB}.Release|x86.ActiveCfg = Release|x86
		{03E9A78A-A8B8-42E5-B854-F6D619AE84AB}.Release|x86.Build.0 = Release|x86
		{84CB1B33-1E5C-4F82-B299-A406B85282ED}.Debug|Any CPU.ActiveCfg = Debug|x86
		{84CB1B33-1E5C-4F82-B299-A406B85282ED}.Debug|Mixed Platforms.ActiveCfg = Debug|x86
		{84CB1B33-1E5C-4F82-B299-A406B85282ED}.Debug|Mixed Platforms.Build.0 = Debug|x86
		{84CB1B33-1E5C-4F82-B299-A406B85282ED}.Debug|x86.ActiveCfg = Debug|x86
		{84CB1B33-1E5C-4F82-B299-A406B85282ED}.Debug|x86.Build.0 = Debug|x86
		{84CB1B33-1E5C-4F82-B299-A406B85282ED}.Release|Any CPU.ActiveCfg = Release|x86
		{84CB1B33-1E5C-4F82-B299-A406B85282ED}.Release|Mixed Platforms.ActiveCfg = Release|x86
		{84CB1B33-1E5C-4F82-B299-A406B85282ED}.Release|Mixed Platforms.Build.0 = Release|x86
		{84CB1B33-1E5C-4F82-B299-A406B85282ED}.Release|x86.ActiveCfg = Release|x86
		{84CB1B33-1E5C-4F82-B299-A406B85282ED}.Release|x86.Build.0 = Release|x86
		{0DEA8DDF-865E-4E30-B9B0-A38EA8558634}.Debug|Any CPU.ActiveCfg = Debug|x86
		{0DEA8DDF-865E-4E30-B9B0-A38EA8558634}.Debug|Mixed Platforms.ActiveCfg = Debug|x86
		{0DEA8DDF-865E-4E30-B9B0-A38EA8558634}.Debug|Mixed Platforms.Build.0 = Debug|x86
		{0DEA8DDF-865E-4E30-B9B0-A38EA8558634}.Debug|x86.ActiveCfg = Debug|x86
		{0DEA8DDF-865E-4E30-B9B0-A38EA8558634}.Debug|x86.Build.0 = Debug|x86
		{0DEA8DDF-865E-4E30-B9B0-A38EA8558634}.Release|Any CPU.ActiveCfg = Release|x86
		{0DEA8DDF-865E-4E30-B9B0-A38EA8558634}.Release|Mixed Platforms.ActiveCfg = Release|x86
		{0DEA8DDF-865E-4E30-B9B0-A38EA8558634}.Release|Mixed Platforms.Build.0 = Release|x86
		{0DEA8DDF-865E-4E30-B9B0-A38EA8558634}.Release|x86.ActiveCfg = Release|x86
		{0DEA8DDF-865E-4E30-B9B0-A38EA8558634}.Release|x86.Build.0 = Release|x86
		{74C869B4-E48B-4D3B-AA8A-4E35247F6DF7}.Debug|Any CPU.ActiveCfg = Debug|x86
		{74C869B4-E48B-4D3B-AA8A-4E35247F6DF7}.Debug|Mixed Platforms.ActiveCfg = Debug|x86
		{74C869B4-E48B-4D3B-AA8A-4E35247F6DF7}.Debug|Mixed Platforms.Build.0 = Debug|x86
		{74C869B4-E48B-4D3B-AA8A-4E35247F6DF7}.Debug|x86.ActiveCfg = Debug|x86
		{74C869B4-E48B-4D3B-AA8A-4E35247F6DF7}.Debug|x86.Build.0 = Debug|x86
		{74C869B4-E48B-4D3B-AA8A-4E35247F6DF7}.Release|Any CPU.ActiveCfg = Release|x86
		{74C869B4-E48B-4D3B-AA8A-4E35247F6DF7}.Release|Mixed Platforms.ActiveCfg = Release|x86
		{74C869B4-E48B-4D3B-AA8A-4E35247F6DF7}.Release|Mixed Platforms.Build.0 = Release|x86
		{74C869B4-E48B-4D3B-AA8A-4E35247F6DF7}.Release|x86.ActiveCfg = Release|x86
		{74C869B4-E48B-4D3B-AA8A-4E35247F6DF7}.Release|x86.Build.0 = Release|x86
	EndGlobalSection
	GlobalSection(SolutionProperties) = preSolution
		HideSolutionNode = FALSE
	EndGlobalSection
EndGlobal
